
Microsoft Visual Studio Solution File, Format Version 12.00
# Visual Studio Version 16
VisualStudioVersion = 16.0.30002.166
MinimumVisualStudioVersion = 10.0.40219.1
Project("{FAE04EC0-301F-11D3-BF4B-00C04F79EFBC}") = "Storage", "Storage\Storage.csproj", "{4EBB0678-DA1E-4945-AD27-4BC50AA6D9F2}"
EndProject
Global
	GlobalSection(SolutionConfigurationPlatforms) = preSolution
		Debug|Any CPU = Debug|Any CPU
		Release|Any CPU = Release|Any CPU
	EndGlobalSection
	GlobalSection(ProjectConfigurationPlatforms) = postSolution
		{4EBB0678-DA1E-4945-AD27-4BC50AA6D9F2}.Debug|Any CPU.ActiveCfg = Debug|Any CPU
		{4EBB0678-DA1E-4945-AD27-4BC50AA6D9F2}.Debug|Any CPU.Build.0 = Debug|Any CPU
		{4EBB0678-DA1E-4945-AD27-4BC50AA6D9F2}.Release|Any CPU.ActiveCfg = Release|Any CPU
		{4EBB0678-DA1E-4945-AD27-4BC50AA6D9F2}.Release|Any CPU.Build.0 = Release|Any CPU
	EndGlobalSection
	GlobalSection(SolutionProperties) = preSolution
		HideSolutionNode = FALSE
	EndGlobalSection
	GlobalSection(ExtensibilityGlobals) = postSolution
		SolutionGuid = {33749D8E-CC5D-4B50-A062-2D561377F392}
	EndGlobalSection
EndGlobal
